
Microsoft Visual Studio Solution File, Format Version 12.00
# Visual Studio 14
VisualStudioVersion = 14.0.23107.0
MinimumVisualStudioVersion = 10.0.40219.1
Project("{FAE04EC0-301F-11D3-BF4B-00C04F79EFBC}") = "GCHQ", "GCHQ\GCHQ.csproj", "{118C3152-2209-495E-BF95-D5C50D4C0CFD}"
EndProject
Project("{FAE04EC0-301F-11D3-BF4B-00C04F79EFBC}") = "Testing", "Testing\Testing.csproj", "{C5C0658B-FF73-4A17-8959-DC33F40AAE6F}"
EndProject
Project("{FAE04EC0-301F-11D3-BF4B-00C04F79EFBC}") = "GCHQ.Core", "GCHQ.Core\GCHQ.Core.csproj", "{00CCBD50-4909-4ADF-9C6F-D4E7C269D42B}"
EndProject
Global
	GlobalSection(SolutionConfigurationPlatforms) = preSolution
		Debug|Any CPU = Debug|Any CPU
		Release|Any CPU = Release|Any CPU
	EndGlobalSection
	GlobalSection(ProjectConfigurationPlatforms) = postSolution
		{118C3152-2209-495E-BF95-D5C50D4C0CFD}.Debug|Any CPU.ActiveCfg = Debug|Any CPU
		{118C3152-2209-495E-BF95-D5C50D4C0CFD}.Debug|Any CPU.Build.0 = Debug|Any CPU
		{118C3152-2209-495E-BF95-D5C50D4C0CFD}.Release|Any CPU.ActiveCfg = Release|Any CPU
		{118C3152-2209-495E-BF95-D5C50D4C0CFD}.Release|Any CPU.Build.0 = Release|Any CPU
		{C5C0658B-FF73-4A17-8959-DC33F40AAE6F}.Debug|Any CPU.ActiveCfg = Debug|Any CPU
		{C5C0658B-FF73-4A17-8959-DC33F40AAE6F}.Debug|Any CPU.Build.0 = Debug|Any CPU
		{C5C0658B-FF73-4A17-8959-DC33F40AAE6F}.Release|Any CPU.ActiveCfg = Release|Any CPU
		{C5C0658B-FF73-4A17-8959-DC33F40AAE6F}.Release|Any CPU.Build.0 = Release|Any CPU
		{00CCBD50-4909-4ADF-9C6F-D4E7C269D42B}.Debug|Any CPU.ActiveCfg = Debug|Any CPU
		{00CCBD50-4909-4ADF-9C6F-D4E7C269D42B}.Debug|Any CPU.Build.0 = Debug|Any CPU
		{00CCBD50-4909-4ADF-9C6F-D4E7C269D42B}.Release|Any CPU.ActiveCfg = Release|Any CPU
		{00CCBD50-4909-4ADF-9C6F-D4E7C269D42B}.Release|Any CPU.Build.0 = Release|Any CPU
	EndGlobalSection
	GlobalSection(SolutionProperties) = preSolution
		HideSolutionNode = FALSE
	EndGlobalSection
EndGlobal
